dependencies:
- name: kube-prometheus-stack
  repository: https://prometheus-community.github.io/helm-charts
  version: 88.3.0
- name: rustfs
  repository: https://charts.rustfs.com/
  version: 0.12.0
digest: sha256:11fa2e1ae94c8224265b3aa12cb8304929e779bb1e3be2e733dc190fe23ae64a
generated: "2026-08-18T01:19:41.025732913Z"
